
Microsoft Visual Studio Solution File, Format Version 12.00
# Visual Studio 15
VisualStudioVersion = 15.0.28307.1300
MinimumVisualStudioVersion = 10.0.40219.1
Project("{FAE04EC0-301F-11D3-BF4B-00C04F79EFBC}") = "PresentationLayer", "PresentationLayer\PresentationLayer.csproj", "{4DE3AF83-299A-4C0F-826B-792B9C8BD06F}"
EndProject
Project("{FAE04EC0-301F-11D3-BF4B-00C04F79EFBC}") = "DataAccess", "DataAccess\DataAccess.csproj", "{383392E1-8370-48D6-9627-B6C880993D12}"
EndProject
Project("{FAE04EC0-301F-11D3-BF4B-00C04F79EFBC}") = "BusinessLayer", "BusinessLayer\BusinessLayer.csproj", "{6AD059C5-2711-4FF8-AED4-E19847C4451C}"
EndProject
Global
	GlobalSection(SolutionConfigurationPlatforms) = preSolution
		Debug|Any CPU = Debug|Any CPU
		Release|Any CPU = Release|Any CPU
	EndGlobalSection
	GlobalSection(ProjectConfigurationPlatforms) = postSolution
		{4DE3AF83-299A-4C0F-826B-792B9C8BD06F}.Debug|Any CPU.ActiveCfg = Debug|Any CPU
		{4DE3AF83-299A-4C0F-826B-792B9C8BD06F}.Debug|Any CPU.Build.0 = Debug|Any CPU
		{4DE3AF83-299A-4C0F-826B-792B9C8BD06F}.Release|Any CPU.ActiveCfg = Release|Any CPU
		{4DE3AF83-299A-4C0F-826B-792B9C8BD06F}.Release|Any CPU.Build.0 = Release|Any CPU
		{383392E1-8370-48D6-9627-B6C880993D12}.Debug|Any CPU.ActiveCfg = Debug|Any CPU
		{383392E1-8370-48D6-9627-B6C880993D12}.Debug|Any CPU.Build.0 = Debug|Any CPU
		{383392E1-8370-48D6-9627-B6C880993D12}.Release|Any CPU.ActiveCfg = Release|Any CPU
		{383392E1-8370-48D6-9627-B6C880993D12}.Release|Any CPU.Build.0 = Release|Any CPU
		{6AD059C5-2711-4FF8-AED4-E19847C4451C}.Debug|Any CPU.ActiveCfg = Debug|Any CPU
		{6AD059C5-2711-4FF8-AED4-E19847C4451C}.Debug|Any CPU.Build.0 = Debug|Any CPU
		{6AD059C5-2711-4FF8-AED4-E19847C4451C}.Release|Any CPU.ActiveCfg = Release|Any CPU
		{6AD059C5-2711-4FF8-AED4-E19847C4451C}.Release|Any CPU.Build.0 = Release|Any CPU
	EndGlobalSection
	GlobalSection(SolutionProperties) = preSolution
		HideSolutionNode = FALSE
	EndGlobalSection
	GlobalSection(ExtensibilityGlobals) = postSolution
		SolutionGuid = {3F79F82D-9317-4304-AC25-8C7BF1393A61}
	EndGlobalSection
EndGlobal
